
Microsoft Visual Studio Solution File, Format Version 12.00
# Visual Studio 14
VisualStudioVersion = 14.0.25420.1
MinimumVisualStudioVersion = 10.0.40219.1
Project("{FAE04EC0-301F-11D3-BF4B-00C04F79EFBC}") = "Telefonica.Web", "Telefonica.Web\Telefonica.Web.csproj", "{7337248B-9B4F-468F-B9A9-C240578E5E15}"
EndProject
Project("{FAE04EC0-301F-11D3-BF4B-00C04F79EFBC}") = "Telefonica.Web.Tests", "Telefonica.Web.Tests\Telefonica.Web.Tests.csproj", "{8259C165-ACF3-4C54-8DC0-29EEFCFF091D}"
EndProject
Project("{FAE04EC0-301F-11D3-BF4B-00C04F79EFBC}") = "Telefonica.Business", "Telefonica.Business\Telefonica.Business.csproj", "{0D693369-1FE7-4224-9A47-8EB50074E3FD}"
EndProject
Project("{FAE04EC0-301F-11D3-BF4B-00C04F79EFBC}") = "Telefonica.Data", "Telefonica.Data\Telefonica.Data.csproj", "{DC63445E-0EE2-423B-BAC8-94FE371E87FC}"
EndProject
Global
	GlobalSection(SolutionConfigurationPlatforms) = preSolution
		Debug|Any CPU = Debug|Any CPU
		Release|Any CPU = Release|Any CPU
	EndGlobalSection
	GlobalSection(ProjectConfigurationPlatforms) = postSolution
		{7337248B-9B4F-468F-B9A9-C240578E5E15}.Debug|Any CPU.ActiveCfg = Debug|Any CPU
		{7337248B-9B4F-468F-B9A9-C240578E5E15}.Debug|Any CPU.Build.0 = Debug|Any CPU
		{7337248B-9B4F-468F-B9A9-C240578E5E15}.Release|Any CPU.ActiveCfg = Release|Any CPU
		{7337248B-9B4F-468F-B9A9-C240578E5E15}.Release|Any CPU.Build.0 = Release|Any CPU
		{8259C165-ACF3-4C54-8DC0-29EEFCFF091D}.Debug|Any CPU.ActiveCfg = Debug|Any CPU
		{8259C165-ACF3-4C54-8DC0-29EEFCFF091D}.Debug|Any CPU.Build.0 = Debug|Any CPU
		{8259C165-ACF3-4C54-8DC0-29EEFCFF091D}.Release|Any CPU.ActiveCfg = Release|Any CPU
		{8259C165-ACF3-4C54-8DC0-29EEFCFF091D}.Release|Any CPU.Build.0 = Release|Any CPU
		{0D693369-1FE7-4224-9A47-8EB50074E3FD}.Debug|Any CPU.ActiveCfg = Debug|Any CPU
		{0D693369-1FE7-4224-9A47-8EB50074E3FD}.Debug|Any CPU.Build.0 = Debug|Any CPU
		{0D693369-1FE7-4224-9A47-8EB50074E3FD}.Release|Any CPU.ActiveCfg = Release|Any CPU
		{0D693369-1FE7-4224-9A47-8EB50074E3FD}.Release|Any CPU.Build.0 = Release|Any CPU
		{DC63445E-0EE2-423B-BAC8-94FE371E87FC}.Debug|Any CPU.ActiveCfg = Debug|Any CPU
		{DC63445E-0EE2-423B-BAC8-94FE371E87FC}.Debug|Any CPU.Build.0 = Debug|Any CPU
		{DC63445E-0EE2-423B-BAC8-94FE371E87FC}.Release|Any CPU.ActiveCfg = Release|Any CPU
		{DC63445E-0EE2-423B-BAC8-94FE371E87FC}.Release|Any CPU.Build.0 = Release|Any CPU
	EndGlobalSection
	GlobalSection(SolutionProperties) = preSolution
		HideSolutionNode = FALSE
	EndGlobalSection
	GlobalSection(ExtensibilityGlobals) = postSolution
		SolutionGuid = {AAF80BBF-4B4D-4D1A-8638-831A17C9DF80}
	EndGlobalSection
EndGlobal
